
Microsoft Visual Studio Solution File, Format Version 12.00
# Visual Studio Version 16
VisualStudioVersion = 16.0.30907.101
MinimumVisualStudioVersion = 10.0.40219.1
Project("{9A19103F-16F7-4668-BE54-9A1E7A4F7556}") = "PasswordEncryption", "PasswordEncryption\PasswordEncryption.csproj", "{C54BD505-403F-46EA-AD6B-82FD2EDC7719}"
EndProject
Global
	GlobalSection(SolutionConfigurationPlatforms) = preSolution
		Debug|Any CPU = Debug|Any CPU
		Release|Any CPU = Release|Any CPU
	EndGlobalSection
	GlobalSection(ProjectConfigurationPlatforms) = postSolution
		{C54BD505-403F-46EA-AD6B-82FD2EDC7719}.Debug|Any CPU.ActiveCfg = Debug|Any CPU
		{C54BD505-403F-46EA-AD6B-82FD2EDC7719}.Debug|Any CPU.Build.0 = Debug|Any CPU
		{C54BD505-403F-46EA-AD6B-82FD2EDC7719}.Release|Any CPU.ActiveCfg = Release|Any CPU
		{C54BD505-403F-46EA-AD6B-82FD2EDC7719}.Release|Any CPU.Build.0 = Release|Any CPU
	EndGlobalSection
	GlobalSection(SolutionProperties) = preSolution
		HideSolutionNode = FALSE
	EndGlobalSection
	GlobalSection(ExtensibilityGlobals) = postSolution
		SolutionGuid = {2B760BA2-42DC-49AF-94C9-1D55928AE7FE}
	EndGlobalSection
EndGlobal
